// !$*UTF8*$!
{
	archiveVersion = 1;
	classes = {
	};
	objectVersion = 46;
	objects = {

/* Begin PBXBuildFile section */
		529DC7DC1A962E840036E8FD /* CoreText.framework in Frameworks */ = {isa = PBXBuildFile; fileRef = 529DC7DB1A962E840036E8FD /* CoreText.framework */; };
		52BE9FB41A937FF100401508 /* AppDelegate.swift in Sources */ = {isa = PBXBuildFile; fileRef = 52BE9FB31A937FF100401508 /* AppDelegate.swift */; };
		52BE9FB61A937FF100401508 /* ViewController.swift in Sources */ = {isa = PBXBuildFile; fileRef = 52BE9FB51A937FF100401508 /* ViewController.swift */; };
		52BE9FB91A937FF100401508 /* Main.storyboard in Resources */ = {isa = PBXBuildFile; fileRef = 52BE9FB71A937FF100401508 /* Main.storyboard */; };
		52BE9FBB1A937FF100401508 /* Images.xcassets in Resources */ = {isa = PBXBuildFile; fileRef = 52BE9FBA1A937FF100401508 /* Images.xcassets */; };
		52BE9FBE1A937FF100401508 /* LaunchScreen.xib in Resources */ = {isa = PBXBuildFile; fileRef = 52BE9FBC1A937FF100401508 /* LaunchScreen.xib */; };
		52BE9FCA1A937FF100401508 /* sample_readHymlShowTests.swift in Sources */ = {isa = PBXBuildFile; fileRef = 52BE9FC91A937FF100401508 /* sample_readHymlShowTests.swift */; };
		52C6E68F1A94CDA400ABE433 /* secondViewController.swift in Sources */ = {isa = PBXBuildFile; fileRef = 52C6E68E1A94CDA400ABE433 /* secondViewController.swift */; };
/* End PBXBuildFile section */

/* Begin PBXContainerItemProxy section */
		52BE9FC41A937FF100401508 /* PBXContainerItemProxy */ = {
			isa = PBXContainerItemProxy;
			containerPortal = 52BE9FA61A937FF100401508 /* Project object */;
			proxyType = 1;
			remoteGlobalIDString = 52BE9FAD1A937FF100401508;
			remoteInfo = sample_readHymlShow;
		};
/* End PBXContainerItemProxy section */

/* Begin PBXFileReference section */
		529DC7DB1A962E840036E8FD /* CoreText.framework */ = {isa = PBXFileReference; lastKnownFileType = wrapper.framework; name = CoreText.framework; path = System/Library/Frameworks/CoreText.framework; sourceTree = SDKROOT; };
		52BE9FAE1A937FF100401508 /* sample_readHymlShow.app */ = {isa = PBXFileReference; explicitFileType = wrapper.application; includeInIndex = 0; path = sample_readHymlShow.app; sourceTree = BUILT_PRODUCTS_DIR; };
		52BE9FB21A937FF100401508 /* Info.plist */ = {isa = PBXFileReference; lastKnownFileType = text.plist.xml; path = Info.plist; sourceTree = "<group>"; };
		52BE9FB31A937FF100401508 /* AppDelegate.swift */ = {isa = PBXFileReference; lastKnownFileType = sourcecode.swift; path = AppDelegate.swift; sourceTree = "<group>"; };
		52BE9FB51A937FF100401508 /* ViewController.swift */ = {isa = PBXFileReference; lastKnownFileType = sourcecode.swift; path = ViewController.swift; sourceTree = "<group>"; };
		52BE9FB81A937FF100401508 /* Base */ = {isa = PBXFileReference; lastKnownFileType = file.storyboard; name = Base; path = Base.lproj/Main.storyboard; sourceTree = "<group>"; };
		52BE9FBA1A937FF100401508 /* Images.xcassets */ = {isa = PBXFileReference; lastKnownFileType = folder.assetcatalog; path = Images.xcassets; sourceTree = "<group>"; };
		52BE9FBD1A937FF100401508 /* Base */ = {isa = PBXFileReference; lastKnownFileType = file.xib; name = Base; path = Base.lproj/LaunchScreen.xib; sourceTree = "<group>"; };
		52BE9FC31A937FF100401508 /* sample_readHymlShowTests.xctest */ = {isa = PBXFileReference; explicitFileType = wrapper.cfbundle; includeInIndex = 0; path = sample_readHymlShowTests.xctest; sourceTree = BUILT_PRODUCTS_DIR; };
		52BE9FC81A937FF100401508 /* Info.plist */ = {isa = PBXFileReference; lastKnownFileType = text.plist.xml; path = Info.plist; sourceTree = "<group>"; };
		52BE9FC91A937FF100401508 /* sample_readHymlShowTests.swift */ = {isa = PBXFileReference; lastKnownFileType = sourcecode.swift; path = sample_readHymlShowTests.swift; sourceTree = "<group>"; };
		52C6E68E1A94CDA400ABE433 /* secondViewController.swift */ = {isa = PBXFileReference; fileEncoding = 4; lastKnownFileType = sourcecode.swift; path = secondViewController.swift; sourceTree = "<group>"; };
/* End PBXFileReference section */

/* Begin PBXFrameworksBuildPhase section */
		52BE9FAB1A937FF100401508 /* Frameworks */ = {
			isa = PBXFrameworksBuildPhase;
			buildActionMask = 2147483647;
			files = (
				529DC7DC1A962E840036E8FD /* CoreText.framework in Frameworks */,
			);
			runOnlyForDeploymentPostprocessing = 0;
		};
		52BE9FC01A937FF100401508 /* Frameworks */ = {
			isa = PBXFrameworksBuildPhase;
			buildActionMask = 2147483647;
			files = (
			);
			runOnlyForDeploymentPostprocessing = 0;
		};
/* End PBXFrameworksBuildPhase section */

/* Begin PBXGroup section */
		52BE9FA51A937FF100401508 = {
			isa = PBXGroup;
			children = (
				529DC7DB1A962E840036E8FD /* CoreText.framework */,
				52BE9FB01A937FF100401508 /* sample_readHymlShow */,
				52BE9FC61A937FF100401508 /* sample_readHymlShowTests */,
				52BE9FAF1A937FF100401508 /* Products */,
			);
			sourceTree = "<group>";
		};
		52BE9FAF1A937FF100401508 /* Products */ = {
			isa = PBXGroup;
			children = (
				52BE9FAE1A937FF100401508 /* sample_readHymlShow.app */,
				52BE9FC31A937FF100401508 /* sample_readHymlShowTests.xctest */,
			);
			name = Products;
			sourceTree = "<group>";
		};
		52BE9FB01A937FF100401508 /* sample_readHymlShow */ = {
			isa = PBXGroup;
			children = (
				52BE9FB31A937FF100401508 /* AppDelegate.swift */,
				52BE9FB51A937FF100401508 /* ViewController.swift */,
				52BE9FB71A937FF100401508 /* Main.storyboard */,
				52BE9FBA1A937FF100401508 /* Images.xcassets */,
				52BE9FBC1A937FF100401508 /* LaunchScreen.xib */,
				52BE9FB11A937FF100401508 /* Supporting Files */,
				52C6E68E1A94CDA400ABE433 /* secondViewController.swift */,
			);
			path = sample_readHymlShow;
			sourceTree = "<group>";
		};
		52BE9FB11A937FF100401508 /* Supporting Files */ = {
			isa = PBXGroup;
			children = (
				52BE9FB21A937FF100401508 /* Info.plist */,
			);
			name = "Supporting Files";
			sourceTree = "<group>";
		};
		52BE9FC61A937FF100401508 /* sample_readHymlShowTests */ = {
			isa = PBXGroup;
			children = (
				52BE9FC91A937FF100401508 /* sample_readHymlShowTests.swift */,
				52BE9FC71A937FF100401508 /* Supporting Files */,
			);
			path = sample_readHymlShowTests;
			sourceTree = "<group>";
		};
		52BE9FC71A937FF100401508 /* Supporting Files */ = {
			isa = PBXGroup;
			children = (
				52BE9FC81A937FF100401508 /* Info.plist */,
			);
			name = "Supporting Files";
			sourceTree = "<group>";
		};
/* End PBXGroup section */

/* Begin PBXNativeTarget section */
		52BE9FAD1A937FF100401508 /* sample_readHymlShow */ = {
			isa = PBXNativeTarget;
			buildConfigurationList = 52BE9FCD1A937FF100401508 /* Build configuration list for PBXNativeTarget "sample_readHymlShow" */;
			buildPhases = (
				52BE9FAA1A937FF100401508 /* Sources */,
				52BE9FAB1A937FF100401508 /* Frameworks */,
				52BE9FAC1A937FF100401508 /* Resources */,
			);
			buildRules = (
			);
			dependencies = (
			);
			name = sample_readHymlShow;
			productName = sample_readHymlShow;
			productReference = 52BE9FAE1A937FF100401508 /* sample_readHymlShow.app */;
			productType = "com.apple.product-type.application";
		};
		52BE9FC21A937FF100401508 /* sample_readHymlShowTests */ = {
			isa = PBXNativeTarget;
			buildConfigurationList = 52BE9FD01A937FF100401508 /* Build configuration list for PBXNativeTarget "sample_readHymlShowTests" */;
			buildPhases = (
				52BE9FBF1A937FF100401508 /* Sources */,
				52BE9FC01A937FF100401508 /* Frameworks */,
				52BE9FC11A937FF100401508 /* Resources */,
			);
			buildRules = (
			);
			dependencies = (
				52BE9FC51A937FF100401508 /* PBXTargetDependency */,
			);
			name = sample_readHymlShowTests;
			productName = sample_readHymlShowTests;
			productReference = 52BE9FC31A937FF100401508 /* sample_readHymlShowTests.xctest */;
			productType = "com.apple.product-type.bundle.unit-test";
		};
/* End PBXNativeTarget section */

/* Begin PBXProject section */
		52BE9FA61A937FF100401508 /* Project object */ = {
			isa = PBXProject;
			attributes = {
				LastUpgradeCheck = 0610;
				ORGANIZATIONNAME = "Noriyasu Katano";
				TargetAttributes = {
					52BE9FAD1A937FF100401508 = {
						CreatedOnToolsVersion = 6.1.1;
					};
					52BE9FC21A937FF100401508 = {
						CreatedOnToolsVersion = 6.1.1;
						TestTargetID = 52BE9FAD1A937FF100401508;
					};
				};
			};
			buildConfigurationList = 52BE9FA91A937FF100401508 /* Build configuration list for PBXProject "sample_readHymlShow" */;
			compatibilityVersion = "Xcode 3.2";
			developmentRegion = English;
			hasScannedForEncodings = 0;
			knownRegions = (
				en,
				Base,
			);
			mainGroup = 52BE9FA51A937FF100401508;
			productRefGroup = 52BE9FAF1A937FF100401508 /* Products */;
			projectDirPath = "";
			projectRoot = "";
			targets = (
				52BE9FAD1A937FF100401508 /* sample_readHymlShow */,
				52BE9FC21A937FF100401508 /* sample_readHymlShowTests */,
			);
		};
/* End PBXProject section */

/* Begin PBXResourcesBuildPhase section */
		52BE9FAC1A937FF100401508 /* Resources */ = {
			isa = PBXResourcesBuildPhase;
			buildActionMask = 2147483647;
			files = (
				52BE9FB91A937FF100401508 /* Main.storyboard in Resources */,
				52BE9FBE1A937FF100401508 /* LaunchScreen.xib in Resources */,
				52BE9FBB1A937FF100401508 /* Images.xcassets in Resources */,
			);
			runOnlyForDeploymentPostprocessing = 0;
		};
		52BE9FC11A937FF100401508 /* Resources */ = {
			isa = PBXResourcesBuildPhase;
			buildActionMask = 2147483647;
			files = (
			);
			runOnlyForDeploymentPostprocessing = 0;
		};
/* End PBXResourcesBuildPhase section */

/* Begin PBXSourcesBuildPhase section */
		52BE9FAA1A937FF100401508 /* Sources */ = {
			isa = PBXSourcesBuildPhase;
			buildActionMask = 2147483647;
			files = (
				52BE9FB61A937FF100401508 /* ViewController.swift in Sources */,
				52C6E68F1A94CDA400ABE433 /* secondViewController.swift in Sources */,
				52BE9FB41A937FF100401508 /* AppDelegate.swift in Sources */,
			);
			runOnlyForDeploymentPostprocessing = 0;
		};
		52BE9FBF1A937FF100401508 /* Sources */ = {
			isa = PBXSourcesBuildPhase;
			buildActionMask = 2147483647;
			files = (
				52BE9FCA1A937FF100401508 /* sample_readHymlShowTests.swift in Sources */,
			);
			runOnlyForDeploymentPostprocessing = 0;
		};
/* End PBXSourcesBuildPhase section */

/* Begin PBXTargetDependency section */
		52BE9FC51A937FF100401508 /* PBXTargetDependency */ = {
			isa = PBXTargetDependency;
			target = 52BE9FAD1A937FF100401508 /* sample_readHymlShow */;
			targetProxy = 52BE9FC41A937FF100401508 /* PBXContainerItemProxy */;
		};
/* End PBXTargetDependency section */

/* Begin PBXVariantGroup section */
		52BE9FB71A937FF100401508 /* Main.storyboard */ = {
			isa = PBXVariantGroup;
			children = (
				52BE9FB81A937FF100401508 /* Base */,
			);
			name = Main.storyboard;
			sourceTree = "<group>";
		};
		52BE9FBC1A937FF100401508 /* LaunchScreen.xib */ = {
			isa = PBXVariantGroup;
			children = (
				52BE9FBD1A937FF100401508 /* Base */,
			);
			name = LaunchScreen.xib;
			sourceTree = "<group>";
		};
/* End PBXVariantGroup section */

/* Begin XCBuildConfiguration section */
		52BE9FCB1A937FF100401508 /* Debug */ = {
			isa = XCBuildConfiguration;
			buildSettings = {
				ALWAYS_SEARCH_USER_PATHS = NO;
				CLANG_CXX_LANGUAGE_STANDARD = "gnu++0x";
				CLANG_CXX_LIBRARY = "libc++";
				CLANG_ENABLE_MODULES = YES;
				CLANG_ENABLE_OBJC_ARC = YES;
				CLANG_WARN_BOOL_CONVERSION = YES;
				CLANG_WARN_CONSTANT_CONVERSION = YES;
				CLANG_WARN_DIRECT_OBJC_ISA_USAGE = YES_ERROR;
				CLANG_WARN_EMPTY_BODY = YES;
				CLANG_WARN_ENUM_CONVERSION = YES;
				CLANG_WARN_INT_CONVERSION = YES;
				CLANG_WARN_OBJC_ROOT_CLASS = YES_ERROR;
				CLANG_WARN_UNREACHABLE_CODE = YES;
				CLANG_WARN__DUPLICATE_METHOD_MATCH = YES;
				"CODE_SIGN_IDENTITY[sdk=iphoneos*]" = "iPhone Developer";
				COPY_PHASE_STRIP = NO;
				ENABLE_STRICT_OBJC_MSGSEND = YES;
				GCC_C_LANGUAGE_STANDARD = gnu99;
				GCC_DYNAMIC_NO_PIC = NO;
				GCC_OPTIMIZATION_LEVEL = 0;
				GCC_PREPROCESSOR_DEFINITIONS = (
					"DEBUG=1",
					"$(inherited)",
				);
				GCC_SYMBOLS_PRIVATE_EXTERN = NO;
				GCC_WARN_64_TO_32_BIT_CONVERSION = YES;
				GCC_WARN_ABOUT_RETURN_TYPE = YES_ERROR;
				GCC_WARN_UNDECLARED_SELECTOR = YES;
				GCC_WARN_UNINITIALIZED_AUTOS = YES_AGGRESSIVE;
				GCC_WARN_UNUSED_FUNCTION = YES;
				GCC_WARN_UNUSED_VARIABLE = YES;
				IPHONEOS_DEPLOYMENT_TARGET = 8.1;
				MTL_ENABLE_DEBUG_INFO = YES;
				ONLY_ACTIVE_ARCH = YES;
				SDKROOT = iphoneos;
				SWIFT_OPTIMIZATION_LEVEL = "-Onone";
				TARGETED_DEVICE_FAMILY = "1,2";
			};
			name = Debug;
		};
		52BE9FCC1A937FF100401508 /* Release */ = {
			isa = XCBuildConfiguration;
			buildSettings = {
				ALWAYS_SEARCH_USER_PATHS = NO;
				CLANG_CXX_LANGUAGE_STANDARD = "gnu++0x";
				CLANG_CXX_LIBRARY = "libc++";
				CLANG_ENABLE_MODULES = YES;
				CLANG_ENABLE_OBJC_ARC = YES;
				CLANG_WARN_BOOL_CONVERSION = YES;
				CLANG_WARN_CONSTANT_CONVERSION = YES;
				CLANG_WARN_DIRECT_OBJC_ISA_USAGE = YES_ERROR;
				CLANG_WARN_EMPTY_BODY = YES;
				CLANG_WARN_ENUM_CONVERSION = YES;
				CLANG_WARN_INT_CONVERSION = YES;
				CLANG_WARN_OBJC_ROOT_CLASS = YES_ERROR;
				CLANG_WARN_UNREACHABLE_CODE = YES;
				CLANG_WARN__DUPLICATE_METHOD_MATCH = YES;
				"CODE_SIGN_IDENTITY[sdk=iphoneos*]" = "iPhone Developer";
				COPY_PHASE_STRIP = YES;
				ENABLE_NS_ASSERTIONS = NO;
				ENABLE_STRICT_OBJC_MSGSEND = YES;
				GCC_C_LANGUAGE_STANDARD = gnu99;
				GCC_WARN_64_TO_32_BIT_CONVERSION = YES;
				GCC_WARN_ABOUT_RETURN_TYPE = YES_ERROR;
				GCC_WARN_UNDECLARED_SELECTOR = YES;
				GCC_WARN_UNINITIALIZED_AUTOS = YES_AGGRESSIVE;
				GCC_WARN_UNUSED_FUNCTION = YES;
				GCC_WARN_UNUSED_VARIABLE = YES;
				IPHONEOS_DEPLOYMENT_TARGET = 8.1;
				MTL_ENABLE_DEBUG_INFO = NO;
				SDKROOT = iphoneos;
				TARGETED_DEVICE_FAMILY = "1,2";
				VALIDATE_PRODUCT = YES;
			};
			name = Release;
		};
		52BE9FCE1A937FF100401508 /* Debug */ = {
			isa = XCBuildConfiguration;
			buildSettings = {
				ASSETCATALOG_COMPILER_APPICON_NAME = AppIcon;
				CODE_SIGN_IDENTITY = "iPhone Developer";
				INFOPLIST_FILE = sample_readHymlShow/Info.plist;
				LD_RUNPATH_SEARCH_PATHS = "$(inherited) @executable_path/Frameworks";
				PRODUCT_NAME = "$(TARGET_NAME)";
				SDKROOT = iphoneos;
				TARGETED_DEVICE_FAMILY = "1,2";
			};
			name = Debug;
		};
		52BE9FCF1A937FF100401508 /* Release */ = {
			isa = XCBuildConfiguration;
			buildSettings = {
				ASSETCATALOG_COMPILER_APPICON_NAME = AppIcon;
				CODE_SIGN_IDENTITY = "iPhone Developer";
				INFOPLIST_FILE = sample_readHymlShow/Info.plist;
				LD_RUNPATH_SEARCH_PATHS = "$(inherited) @executable_path/Frameworks";
				PRODUCT_NAME = "$(TARGET_NAME)";
				SDKROOT = iphoneos;
				TARGETED_DEVICE_FAMILY = "1,2";
			};
			name = Release;
		};
		52BE9FD11A937FF100401508 /* Debug */ = {
			isa = XCBuildConfiguration;
			buildSettings = {
				BUNDLE_LOADER = "$(TEST_HOST)";
				FRAMEWORK_SEARCH_PATHS = (
					"$(SDKROOT)/Developer/Library/Frameworks",
					"$(inherited)",
				);
				GCC_PREPROCESSOR_DEFINITIONS = (
					"DEBUG=1",
					"$(inherited)",
				);
				INFOPLIST_FILE = sample_readHymlShowTests/Info.plist;
				LD_RUNPATH_SEARCH_PATHS = "$(inherited) @executable_path/Frameworks @loader_path/Frameworks";
				PRODUCT_NAME = "$(TARGET_NAME)";
				TEST_HOST = "$(BUILT_PRODUCTS_DIR)/sample_readHymlShow.app/sample_readHymlShow";
			};
			name = Debug;
		};
		52BE9FD21A937FF100401508 /* Release */ = {
			isa = XCBuildConfiguration;
			buildSettings = {
				BUNDLE_LOADER = "$(TEST_HOST)";
				FRAMEWORK_SEARCH_PATHS = (
					"$(SDKROOT)/Developer/Library/Frameworks",
					"$(inherited)",
				);
				INFOPLIST_FILE = sample_readHymlShowTests/Info.plist;
				LD_RUNPATH_SEARCH_PATHS = "$(inherited) @executable_path/Frameworks @loader_path/Frameworks";
				PRODUCT_NAME = "$(TARGET_NAME)";
				TEST_HOST = "$(BUILT_PRODUCTS_DIR)/sample_readHymlShow.app/sample_readHymlShow";
			};
			name = Release;
		};
/* End XCBuildConfiguration section */

/* Begin XCConfigurationList section */
		52BE9FA91A937FF100401508 /* Build configuration list for PBXProject "sample_readHymlShow" */ = {
			isa = XCConfigurationList;
			buildConfigurations = (
				52BE9FCB1A937FF100401508 /* Debug */,
				52BE9FCC1A937FF100401508 /* Release */,
			);
			defaultConfigurationIsVisible = 0;
			defaultConfigurationName = Release;
		};
		52BE9FCD1A937FF100401508 /* Build configuration list for PBXNativeTarget "sample_readHymlShow" */ = {
			isa = XCConfigurationList;
			buildConfigurations = (
				52BE9FCE1A937FF100401508 /* Debug */,
				52BE9FCF1A937FF100401508 /* Release */,
			);
			defaultConfigurationIsVisible = 0;
			defaultConfigurationName = Release;
		};
		52BE9FD01A937FF100401508 /* Build configuration list for PBXNativeTarget "sample_readHymlShowTests" */ = {
			isa = XCConfigurationList;
			buildConfigurations = (
				52BE9FD11A937FF100401508 /* Debug */,
				52BE9FD21A937FF100401508 /* Release */,
			);
			defaultConfigurationIsVisible = 0;
			defaultConfigurationName = Release;
		};
/* End XCConfigurationList section */
	};
	rootObject = 52BE9FA61A937FF100401508 /* Project object */;
}
